# This file is automatically @generated by Cargo.
# It is not intended for manual editing.
version = 3

[[package]]
name = "day05_if_you_give_a_seed_a_fertilizer_common"
version = "0.1.0"

[[package]]
name = "day05_if_you_give_a_seed_a_fertilizer_part2"
version = "0.1.0"
dependencies = [
 "day05_if_you_give_a_seed_a_fertilizer_common",
 "sorted-vec",
]

[[package]]
name = "sorted-vec"
version = "0.8.3"
source = "registry+https://github.com/rust-lang/crates.io-index"
checksum = "c6734caf0b6f51addd5eeacca12fb39b2c6c14e8d4f3ac42f3a78955c0467458"
